
Microsoft Visual Studio Solution File, Format Version 12.00
# Visual Studio Version 16
VisualStudioVersion = 16.0.29411.108
MinimumVisualStudioVersion = 15.0.26124.0
Project("{6EC3EE1D-3C4E-46DD-8F32-0CC8E7565705}") = "ActorFactory", "ActorFactory\ActorFactory.fsproj", "{D9BDF298-60E9-48B9-930D-B65F8A998BF5}"
EndProject
Project("{6EC3EE1D-3C4E-46DD-8F32-0CC8E7565705}") = "FsLib", "FsLib\FsLib.fsproj", "{3FE788BC-7FDC-4E8B-9BAB-4C9F43124984}"
EndProject
Project("{6EC3EE1D-3C4E-46DD-8F32-0CC8E7565705}") = "GameController", "GameController\GameController.fsproj", "{8936A526-2356-480F-8198-791612BE5289}"
EndProject
Project("{9A19103F-16F7-4668-BE54-9A1E7A4F7556}") = "LanucherView", "LanucherView\LanucherView.csproj", "{C33B87C5-197F-4E7C-A15E-93E1A6AF9D6F}"
EndProject
Project("{6EC3EE1D-3C4E-46DD-8F32-0CC8E7565705}") = "MenuServer", "MenuServer\MenuServer.fsproj", "{1370CBC4-6D48-4066-9215-9F862E6E6AFD}"
EndProject
Project("{6EC3EE1D-3C4E-46DD-8F32-0CC8E7565705}") = "Shared4", "Shared4\Shared4.fsproj", "{7A448322-A94B-49C3-9ECE-63776359CB72}"
EndProject
Project("{6EC3EE1D-3C4E-46DD-8F32-0CC8E7565705}") = "SharedTypes", "SharedTypes\SharedTypes.fsproj", "{A43156AA-04CD-4223-9C43-D6E5280C198D}"
EndProject
Project("{6EC3EE1D-3C4E-46DD-8F32-0CC8E7565705}") = "LauncherFs", "LauncherFs\LauncherFs.fsproj", "{E622353F-BCE1-4317-9B52-1D6670ECE742}"
EndProject
Project("{6EC3EE1D-3C4E-46DD-8F32-0CC8E7565705}") = "Server", "FSharpDoc\src\Server\Server.fsproj", "{0796E1BC-E732-46A5-99D3-E5A89701F96C}"
EndProject
Global
	GlobalSection(SolutionConfigurationPlatforms) = preSolution
		Debug|Any CPU = Debug|Any CPU
		Debug|x64 = Debug|x64
		Debug|x86 = Debug|x86
		Release|Any CPU = Release|Any CPU
		Release|x64 = Release|x64
		Release|x86 = Release|x86
	EndGlobalSection
	GlobalSection(ProjectConfigurationPlatforms) = postSolution
		{D9BDF298-60E9-48B9-930D-B65F8A998BF5}.Debug|Any CPU.ActiveCfg = Debug|Any CPU
		{D9BDF298-60E9-48B9-930D-B65F8A998BF5}.Debug|Any CPU.Build.0 = Debug|Any CPU
		{D9BDF298-60E9-48B9-930D-B65F8A998BF5}.Debug|x64.ActiveCfg = Debug|Any CPU
		{D9BDF298-60E9-48B9-930D-B65F8A998BF5}.Debug|x64.Build.0 = Debug|Any CPU
		{D9BDF298-60E9-48B9-930D-B65F8A998BF5}.Debug|x86.ActiveCfg = Debug|Any CPU
		{D9BDF298-60E9-48B9-930D-B65F8A998BF5}.Debug|x86.Build.0 = Debug|Any CPU
		{D9BDF298-60E9-48B9-930D-B65F8A998BF5}.Release|Any CPU.ActiveCfg = Release|Any CPU
		{D9BDF298-60E9-48B9-930D-B65F8A998BF5}.Release|Any CPU.Build.0 = Release|Any CPU
		{D9BDF298-60E9-48B9-930D-B65F8A998BF5}.Release|x64.ActiveCfg = Release|Any CPU
		{D9BDF298-60E9-48B9-930D-B65F8A998BF5}.Release|x64.Build.0 = Release|Any CPU
		{D9BDF298-60E9-48B9-930D-B65F8A998BF5}.Release|x86.ActiveCfg = Release|Any CPU
		{D9BDF298-60E9-48B9-930D-B65F8A998BF5}.Release|x86.Build.0 = Release|Any CPU
		{3FE788BC-7FDC-4E8B-9BAB-4C9F43124984}.Debug|Any CPU.ActiveCfg = Debug|Any CPU
		{3FE788BC-7FDC-4E8B-9BAB-4C9F43124984}.Debug|Any CPU.Build.0 = Debug|Any CPU
		{3FE788BC-7FDC-4E8B-9BAB-4C9F43124984}.Debug|x64.ActiveCfg = Debug|Any CPU
		{3FE788BC-7FDC-4E8B-9BAB-4C9F43124984}.Debug|x64.Build.0 = Debug|Any CPU
		{3FE788BC-7FDC-4E8B-9BAB-4C9F43124984}.Debug|x86.ActiveCfg = Debug|Any CPU
		{3FE788BC-7FDC-4E8B-9BAB-4C9F43124984}.Debug|x86.Build.0 = Debug|Any CPU
		{3FE788BC-7FDC-4E8B-9BAB-4C9F43124984}.Release|Any CPU.ActiveCfg = Release|Any CPU
		{3FE788BC-7FDC-4E8B-9BAB-4C9F43124984}.Release|Any CPU.Build.0 = Release|Any CPU
		{3FE788BC-7FDC-4E8B-9BAB-4C9F43124984}.Release|x64.ActiveCfg = Release|Any CPU
		{3FE788BC-7FDC-4E8B-9BAB-4C9F43124984}.Release|x64.Build.0 = Release|Any CPU
		{3FE788BC-7FDC-4E8B-9BAB-4C9F43124984}.Release|x86.ActiveCfg = Release|Any CPU
		{3FE788BC-7FDC-4E8B-9BAB-4C9F43124984}.Release|x86.Build.0 = Release|Any CPU
		{8936A526-2356-480F-8198-791612BE5289}.Debug|Any CPU.ActiveCfg = Debug|Any CPU
		{8936A526-2356-480F-8198-791612BE5289}.Debug|Any CPU.Build.0 = Debug|Any CPU
		{8936A526-2356-480F-8198-791612BE5289}.Debug|x64.ActiveCfg = Debug|Any CPU
		{8936A526-2356-480F-8198-791612BE5289}.Debug|x64.Build.0 = Debug|Any CPU
		{8936A526-2356-480F-8198-791612BE5289}.Debug|x86.ActiveCfg = Debug|Any CPU
		{8936A526-2356-480F-8198-791612BE5289}.Debug|x86.Build.0 = Debug|Any CPU
		{8936A526-2356-480F-8198-791612BE5289}.Release|Any CPU.ActiveCfg = Release|Any CPU
		{8936A526-2356-480F-8198-791612BE5289}.Release|Any CPU.Build.0 = Release|Any CPU
		{8936A526-2356-480F-8198-791612BE5289}.Release|x64.ActiveCfg = Release|Any CPU
		{8936A526-2356-480F-8198-791612BE5289}.Release|x64.Build.0 = Release|Any CPU
		{8936A526-2356-480F-8198-791612BE5289}.Release|x86.ActiveCfg = Release|Any CPU
		{8936A526-2356-480F-8198-791612BE5289}.Release|x86.Build.0 = Release|Any CPU
		{C33B87C5-197F-4E7C-A15E-93E1A6AF9D6F}.Debug|Any CPU.ActiveCfg = Debug|Any CPU
		{C33B87C5-197F-4E7C-A15E-93E1A6AF9D6F}.Debug|Any CPU.Build.0 = Debug|Any CPU
		{C33B87C5-197F-4E7C-A15E-93E1A6AF9D6F}.Debug|x64.ActiveCfg = Debug|Any CPU
		{C33B87C5-197F-4E7C-A15E-93E1A6AF9D6F}.Debug|x64.Build.0 = Debug|Any CPU
		{C33B87C5-197F-4E7C-A15E-93E1A6AF9D6F}.Debug|x86.ActiveCfg = Debug|Any CPU
		{C33B87C5-197F-4E7C-A15E-93E1A6AF9D6F}.Debug|x86.Build.0 = Debug|Any CPU
		{C33B87C5-197F-4E7C-A15E-93E1A6AF9D6F}.Release|Any CPU.ActiveCfg = Release|Any CPU
		{C33B87C5-197F-4E7C-A15E-93E1A6AF9D6F}.Release|Any CPU.Build.0 = Release|Any CPU
		{C33B87C5-197F-4E7C-A15E-93E1A6AF9D6F}.Release|x64.ActiveCfg = Release|Any CPU
		{C33B87C5-197F-4E7C-A15E-93E1A6AF9D6F}.Release|x64.Build.0 = Release|Any CPU
		{C33B87C5-197F-4E7C-A15E-93E1A6AF9D6F}.Release|x86.ActiveCfg = Release|Any CPU
		{C33B87C5-197F-4E7C-A15E-93E1A6AF9D6F}.Release|x86.Build.0 = Release|Any CPU
		{1370CBC4-6D48-4066-9215-9F862E6E6AFD}.Debug|Any CPU.ActiveCfg = Debug|Any CPU
		{1370CBC4-6D48-4066-9215-9F862E6E6AFD}.Debug|Any CPU.Build.0 = Debug|Any CPU
		{1370CBC4-6D48-4066-9215-9F862E6E6AFD}.Debug|x64.ActiveCfg = Debug|Any CPU
		{1370CBC4-6D48-4066-9215-9F862E6E6AFD}.Debug|x64.Build.0 = Debug|Any CPU
		{1370CBC4-6D48-4066-9215-9F862E6E6AFD}.Debug|x86.ActiveCfg = Debug|Any CPU
		{1370CBC4-6D48-4066-9215-9F862E6E6AFD}.Debug|x86.Build.0 = Debug|Any CPU
		{1370CBC4-6D48-4066-9215-9F862E6E6AFD}.Release|Any CPU.ActiveCfg = Release|Any CPU
		{1370CBC4-6D48-4066-9215-9F862E6E6AFD}.Release|Any CPU.Build.0 = Release|Any CPU
		{1370CBC4-6D48-4066-9215-9F862E6E6AFD}.Release|x64.ActiveCfg = Release|Any CPU
		{1370CBC4-6D48-4066-9215-9F862E6E6AFD}.Release|x64.Build.0 = Release|Any CPU
		{1370CBC4-6D48-4066-9215-9F862E6E6AFD}.Release|x86.ActiveCfg = Release|Any CPU
		{1370CBC4-6D48-4066-9215-9F862E6E6AFD}.Release|x86.Build.0 = Release|Any CPU
		{7A448322-A94B-49C3-9ECE-63776359CB72}.Debug|Any CPU.ActiveCfg = Debug|Any CPU
		{7A448322-A94B-49C3-9ECE-63776359CB72}.Debug|Any CPU.Build.0 = Debug|Any CPU
		{7A448322-A94B-49C3-9ECE-63776359CB72}.Debug|x64.ActiveCfg = Debug|Any CPU
		{7A448322-A94B-49C3-9ECE-63776359CB72}.Debug|x64.Build.0 = Debug|Any CPU
		{7A448322-A94B-49C3-9ECE-63776359CB72}.Debug|x86.ActiveCfg = Debug|Any CPU
		{7A448322-A94B-49C3-9ECE-63776359CB72}.Debug|x86.Build.0 = Debug|Any CPU
		{7A448322-A94B-49C3-9ECE-63776359CB72}.Release|Any CPU.ActiveCfg = Release|Any CPU
		{7A448322-A94B-49C3-9ECE-63776359CB72}.Release|Any CPU.Build.0 = Release|Any CPU
		{7A448322-A94B-49C3-9ECE-63776359CB72}.Release|x64.ActiveCfg = Release|Any CPU
		{7A448322-A94B-49C3-9ECE-63776359CB72}.Release|x64.Build.0 = Release|Any CPU
		{7A448322-A94B-49C3-9ECE-63776359CB72}.Release|x86.ActiveCfg = Release|Any CPU
		{7A448322-A94B-49C3-9ECE-63776359CB72}.Release|x86.Build.0 = Release|Any CPU
		{A43156AA-04CD-4223-9C43-D6E5280C198D}.Debug|Any CPU.ActiveCfg = Debug|Any CPU
		{A43156AA-04CD-4223-9C43-D6E5280C198D}.Debug|Any CPU.Build.0 = Debug|Any CPU
		{A43156AA-04CD-4223-9C43-D6E5280C198D}.Debug|x64.ActiveCfg = Debug|Any CPU
		{A43156AA-04CD-4223-9C43-D6E5280C198D}.Debug|x64.Build.0 = Debug|Any CPU
		{A43156AA-04CD-4223-9C43-D6E5280C198D}.Debug|x86.ActiveCfg = Debug|Any CPU
		{A43156AA-04CD-4223-9C43-D6E5280C198D}.Debug|x86.Build.0 = Debug|Any CPU
		{A43156AA-04CD-4223-9C43-D6E5280C198D}.Release|Any CPU.ActiveCfg = Release|Any CPU
		{A43156AA-04CD-4223-9C43-D6E5280C198D}.Release|Any CPU.Build.0 = Release|Any CPU
		{A43156AA-04CD-4223-9C43-D6E5280C198D}.Release|x64.ActiveCfg = Release|Any CPU
		{A43156AA-04CD-4223-9C43-D6E5280C198D}.Release|x64.Build.0 = Release|Any CPU
		{A43156AA-04CD-4223-9C43-D6E5280C198D}.Release|x86.ActiveCfg = Release|Any CPU
		{A43156AA-04CD-4223-9C43-D6E5280C198D}.Release|x86.Build.0 = Release|Any CPU
		{E622353F-BCE1-4317-9B52-1D6670ECE742}.Debug|Any CPU.ActiveCfg = Debug|Any CPU
		{E622353F-BCE1-4317-9B52-1D6670ECE742}.Debug|Any CPU.Build.0 = Debug|Any CPU
		{E622353F-BCE1-4317-9B52-1D6670ECE742}.Debug|x64.ActiveCfg = Debug|Any CPU
		{E622353F-BCE1-4317-9B52-1D6670ECE742}.Debug|x64.Build.0 = Debug|Any CPU
		{E622353F-BCE1-4317-9B52-1D6670ECE742}.Debug|x86.ActiveCfg = Debug|Any CPU
		{E622353F-BCE1-4317-9B52-1D6670ECE742}.Debug|x86.Build.0 = Debug|Any CPU
		{E622353F-BCE1-4317-9B52-1D6670ECE742}.Release|Any CPU.ActiveCfg = Release|Any CPU
		{E622353F-BCE1-4317-9B52-1D6670ECE742}.Release|Any CPU.Build.0 = Release|Any CPU
		{E622353F-BCE1-4317-9B52-1D6670ECE742}.Release|x64.ActiveCfg = Release|Any CPU
		{E622353F-BCE1-4317-9B52-1D6670ECE742}.Release|x64.Build.0 = Release|Any CPU
		{E622353F-BCE1-4317-9B52-1D6670ECE742}.Release|x86.ActiveCfg = Release|Any CPU
		{E622353F-BCE1-4317-9B52-1D6670ECE742}.Release|x86.Build.0 = Release|Any CPU
		{0796E1BC-E732-46A5-99D3-E5A89701F96C}.Debug|Any CPU.ActiveCfg = Debug|Any CPU
		{0796E1BC-E732-46A5-99D3-E5A89701F96C}.Debug|Any CPU.Build.0 = Debug|Any CPU
		{0796E1BC-E732-46A5-99D3-E5A89701F96C}.Debug|x64.ActiveCfg = Debug|Any CPU
		{0796E1BC-E732-46A5-99D3-E5A89701F96C}.Debug|x64.Build.0 = Debug|Any CPU
		{0796E1BC-E732-46A5-99D3-E5A89701F96C}.Debug|x86.ActiveCfg = Debug|Any CPU
		{0796E1BC-E732-46A5-99D3-E5A89701F96C}.Debug|x86.Build.0 = Debug|Any CPU
		{0796E1BC-E732-46A5-99D3-E5A89701F96C}.Release|Any CPU.ActiveCfg = Release|Any CPU
		{0796E1BC-E732-46A5-99D3-E5A89701F96C}.Release|Any CPU.Build.0 = Release|Any CPU
		{0796E1BC-E732-46A5-99D3-E5A89701F96C}.Release|x64.ActiveCfg = Release|Any CPU
		{0796E1BC-E732-46A5-99D3-E5A89701F96C}.Release|x64.Build.0 = Release|Any CPU
		{0796E1BC-E732-46A5-99D3-E5A89701F96C}.Release|x86.ActiveCfg = Release|Any CPU
		{0796E1BC-E732-46A5-99D3-E5A89701F96C}.Release|x86.Build.0 = Release|Any CPU
	EndGlobalSection
	GlobalSection(SolutionProperties) = preSolution
		HideSolutionNode = FALSE
	EndGlobalSection
	GlobalSection(ExtensibilityGlobals) = postSolution
		SolutionGuid = {6831BA51-8780-4AED-87CD-B72862EEFF75}
	EndGlobalSection
EndGlobal
